# This file was autogenerated by Stack.
# You should not edit this file by hand.
# For more information, please see the documentation at:
#   https://docs.haskellstack.org/en/stable/topics/lock_files

packages:
- completed:
    hackage: plot-0.2.3.12@sha256:95b44617403c743c95ff6e6847dfcddbac96355f593d9da3c7f92e1dd7fdf5f5,4419
    pantry-tree:
      sha256: e3e6d51503b5b97480ff36164a829f1e70aa7d899fc6e651930d6a6ccab276de
      size: 2704
  original:
    hackage: plot-0.2.3.12
snapshots:
- completed:
    sha256: 238fa745b64f91184f9aa518fe04bdde6552533d169b0da5256670df83a0f1a9
    size: 721141
    url: https://raw.githubusercontent.com/commercialhaskell/stackage-snapshots/master/lts/22/44.yaml
  original: lts-22.44
