# This file was autogenerated by Stack.
# You should not edit this file by hand.
# For more information, please see the documentation at:
#   https://docs.haskellstack.org/en/stable/topics/lock_files

packages:
- completed:
    hackage: plot-0.2.3.12@sha256:95b44617403c743c95ff6e6847dfcddbac96355f593d9da3c7f92e1dd7fdf5f5,4419
    pantry-tree:
      sha256: e3e6d51503b5b97480ff36164a829f1e70aa7d899fc6e651930d6a6ccab276de
      size: 2704
  original:
    hackage: plot-0.2.3.12
snapshots:
- completed:
    sha256: 069c8189232279d04bd107557d3a62132c04ae5ce3c710649e6b40f67f10b9d5
    size: 684285
    url: https://raw.githubusercontent.com/commercialhaskell/stackage-snapshots/master/lts/23/27.yaml
  original: lts-23.27
