# This file was autogenerated by Stack.
# You should not edit this file by hand.
# For more information, please see the documentation at:
#   https://docs.haskellstack.org/en/stable/lock_files

packages:
- completed:
    hackage: Chart-cairo-1.9.3@sha256:5d6f005b5d3d74453a979eb2c6a1777c92ce02eae9e019abbe03a0e008cb8aea,924
    pantry-tree:
      sha256: 204f29235d182cc8c8ab40d0a37387e78c1dadc684e190c85e1643521483e681
      size: 238
  original:
    hackage: Chart-cairo-1.9.3
- completed:
    hackage: diagrams-cairo-1.4.2@sha256:42807c226188653ab668baceab8fa2245149ed1fc9df595f6e77613ed1259424,3799
    pantry-tree:
      sha256: 02aadeb755a93b3a777c6efb597ef33a5a5c2ebcf28e4de7404ce8f1c23e7f1c
      size: 721
  original:
    hackage: diagrams-cairo-1.4.2
snapshots:
- completed:
    sha256: c4381351ba5837a6356fcc0ebeb7a61fdcaf3a085c903a6f730f56b131d5cb58
    size: 639143
    url: https://raw.githubusercontent.com/commercialhaskell/stackage-snapshots/master/lts/21/1.yaml
  original: lts-21.1
