# This file was autogenerated by Stack.
# You should not edit this file by hand.
# For more information, please see the documentation at:
#   https://docs.haskellstack.org/en/stable/topics/lock_files

packages:
- completed:
    commit: dfa26022b5815bcd6a5dd6c818fcd2c4d25c6d44
    git: https://github.com/codedownio/haskell-plot.git
    name: plot
    pantry-tree:
      sha256: f79914b2d62db05a5aa7e1c36ef5fc887270582255172433449ef252aa1d1057
      size: 2855
    version: 0.2.3.11
  original:
    commit: dfa26022b5815bcd6a5dd6c818fcd2c4d25c6d44
    git: https://github.com/codedownio/haskell-plot.git
- completed:
    hackage: static-canvas-0.2.0.3@sha256:3ad170c6efbd26b981fe66f4c4a85e515c200c675e3f2c6603da7d64e84bc8f5,1768
    pantry-tree:
      sha256: b61e591e6028dc284ed5ed22f9bab9fcfe9034288741dcc26d0eae79b140031c
      size: 563
  original:
    hackage: static-canvas-0.2.0.3@sha256:3ad170c6efbd26b981fe66f4c4a85e515c200c675e3f2c6603da7d64e84bc8f5,1768
snapshots:
- completed:
    sha256: 7e724f347d5969cb5e8dde9f9aae30996e3231c29d1dafd45f21f1700d4c4fcb
    size: 684460
    url: https://raw.githubusercontent.com/commercialhaskell/stackage-snapshots/master/lts/23/28.yaml
  original: lts-23.28
