# This file was autogenerated by Stack.
# You should not edit this file by hand.
# For more information, please see the documentation at:
#   https://docs.haskellstack.org/en/stable/topics/lock_files

packages:
- completed:
    commit: dfa26022b5815bcd6a5dd6c818fcd2c4d25c6d44
    git: https://github.com/codedownio/haskell-plot.git
    name: plot
    pantry-tree:
      sha256: f79914b2d62db05a5aa7e1c36ef5fc887270582255172433449ef252aa1d1057
      size: 2855
    version: 0.2.3.11
  original:
    commit: dfa26022b5815bcd6a5dd6c818fcd2c4d25c6d44
    git: https://github.com/codedownio/haskell-plot.git
- completed:
    hackage: cryptonite-0.30@sha256:12c85dea7be63e5ad90bcb487eb3846bf3c413347f94336fa1dede7b28f9936a,18301
    pantry-tree:
      sha256: df1cbe4cc40d569cc75ffed40bc5deac43cb085653980b42b9b6a5d4b745a30a
      size: 23323
  original:
    hackage: cryptonite-0.30@sha256:12c85dea7be63e5ad90bcb487eb3846bf3c413347f94336fa1dede7b28f9936a,18301
snapshots:
- completed:
    sha256: 0a3ef2960aafcdfdb95ac41eee08b6535937b884d08a8d521ce770b84745e092
    size: 687338
    url: https://raw.githubusercontent.com/commercialhaskell/stackage-snapshots/master/nightly/2025/8/20.yaml
  original: nightly-2025-08-20
