# This file was autogenerated by Stack.
# You should not edit this file by hand.
# For more information, please see the documentation at:
#   https://docs.haskellstack.org/en/stable/topics/lock_files

packages:
- completed:
    commit: dfa26022b5815bcd6a5dd6c818fcd2c4d25c6d44
    git: https://github.com/codedownio/haskell-plot.git
    name: plot
    pantry-tree:
      sha256: f79914b2d62db05a5aa7e1c36ef5fc887270582255172433449ef252aa1d1057
      size: 2855
    version: 0.2.3.11
  original:
    commit: dfa26022b5815bcd6a5dd6c818fcd2c4d25c6d44
    git: https://github.com/codedownio/haskell-plot.git
snapshots:
- completed:
    sha256: 473840099b95facf73ec72dcafe53a2487bfadeceb03a981a19e16469503a342
    size: 726266
    url: https://raw.githubusercontent.com/commercialhaskell/stackage-snapshots/master/lts/24/6.yaml
  original: lts-24.6
